
Microsoft Visual Studio Solution File, Format Version 12.00
# Visual Studio Version 17
VisualStudioVersion = 17.9.34714.143
MinimumVisualStudioVersion = 10.0.40219.1
Project("{FAE04EC0-301F-11D3-BF4B-00C04F79EFBC}") = "KutuphaneOtomasyon", "KutuphaneOtomasyon.csproj", "{73A86CD1-69EE-457F-960C-8FB7A41366D8}"
EndProject
Global
	GlobalSection(SolutionConfigurationPlatforms) = preSolution
		Debug|Any CPU = Debug|Any CPU
		Release|Any CPU = Release|Any CPU
	EndGlobalSection
	GlobalSection(ProjectConfigurationPlatforms) = postSolution
		{73A86CD1-69EE-457F-960C-8FB7A41366D8}.Debug|Any CPU.ActiveCfg = Debug|Any CPU
		{73A86CD1-69EE-457F-960C-8FB7A41366D8}.Debug|Any CPU.Build.0 = Debug|Any CPU
		{73A86CD1-69EE-457F-960C-8FB7A41366D8}.Release|Any CPU.ActiveCfg = Release|Any CPU
		{73A86CD1-69EE-457F-960C-8FB7A41366D8}.Release|Any CPU.Build.0 = Release|Any CPU
	EndGlobalSection
	GlobalSection(SolutionProperties) = preSolution
		HideSolutionNode = FALSE
	EndGlobalSection
	GlobalSection(ExtensibilityGlobals) = postSolution
		SolutionGuid = {939BFE5F-B372-4505-B91E-16E09824748C}
	EndGlobalSection
EndGlobal
